// !$*UTF8*$!
{
	archiveVersion = 1;
	classes = {
	};
	objectVersion = 56;
	objects = {

/* Begin PBXBuildFile section */
		851932812B186C8E008B6886 /* launchImageView.png in Resources */ = {isa = PBXBuildFile; fileRef = 851932802B186C8E008B6886 /* launchImageView.png */; };
		85970CF32B03DDA900F35D3C /* .gitignore.xib in Resources */ = {isa = PBXBuildFile; fileRef = 85970CF22B03DDA900F35D3C /* .gitignore.xib */; };
		85A01B262B06001500459E0F /* correct.png in Resources */ = {isa = PBXBuildFile; fileRef = 85A01B242B06001500459E0F /* correct.png */; };
		85A01B272B06001500459E0F /* incorrect.png in Resources */ = {isa = PBXBuildFile; fileRef = 85A01B252B06001500459E0F /* incorrect.png */; };
		85BA12862AFCB7240016581E /* quiz1.csv in Resources */ = {isa = PBXBuildFile; fileRef = 85BA12852AFCB7240016581E /* quiz1.csv */; };
		85CA1F612AFA3F270009CDF1 /* AppDelegate.swift in Sources */ = {isa = PBXBuildFile; fileRef = 85CA1F602AFA3F270009CDF1 /* AppDelegate.swift */; };
		85CA1F632AFA3F270009CDF1 /* SceneDelegate.swift in Sources */ = {isa = PBXBuildFile; fileRef = 85CA1F622AFA3F270009CDF1 /* SceneDelegate.swift */; };
		85CA1F652AFA3F270009CDF1 /* ViewController.swift in Sources */ = {isa = PBXBuildFile; fileRef = 85CA1F642AFA3F270009CDF1 /* ViewController.swift */; };
		85CA1F682AFA3F270009CDF1 /* Main.storyboard in Resources */ = {isa = PBXBuildFile; fileRef = 85CA1F662AFA3F270009CDF1 /* Main.storyboard */; };
		85CA1F6A2AFA3F280009CDF1 /* Assets.xcassets in Resources */ = {isa = PBXBuildFile; fileRef = 85CA1F692AFA3F280009CDF1 /* Assets.xcassets */; };
		85CA1F6D2AFA3F280009CDF1 /* LaunchScreen.storyboard in Resources */ = {isa = PBXBuildFile; fileRef = 85CA1F6B2AFA3F280009CDF1 /* LaunchScreen.storyboard */; };
		85CA1F752AFA46D60009CDF1 /* quizViewController.swift in Sources */ = {isa = PBXBuildFile; fileRef = 85CA1F742AFA46D60009CDF1 /* quizViewController.swift */; };
		85CA1F772AFA54840009CDF1 /* scoreViewController.swift in Sources */ = {isa = PBXBuildFile; fileRef = 85CA1F762AFA54840009CDF1 /* scoreViewController.swift */; };
		85F873C42B0B9231000565CA /* selectLevelViewController.swift in Sources */ = {isa = PBXBuildFile; fileRef = 85F873C32B0B9231000565CA /* selectLevelViewController.swift */; };
		85F873C62B0B994B000565CA /* quiz2.csv in Resources */ = {isa = PBXBuildFile; fileRef = 85F873C52B0B994B000565CA /* quiz2.csv */; };
		85F873C82B0B9986000565CA /* quiz3.csv in Resources */ = {isa = PBXBuildFile; fileRef = 85F873C72B0B9986000565CA /* quiz3.csv */; };
		9CB409121EFD6BA14493159D /* Pods_sampleQuiz.framework in Frameworks */ = {isa = PBXBuildFile; fileRef = 8A2401813848608A9B2A3E6E /* Pods_sampleQuiz.framework */; };
/* End PBXBuildFile section */

/* Begin PBXFileReference section */
		851932802B186C8E008B6886 /* launchImageView.png */ = {isa = PBXFileReference; lastKnownFileType = image.png; path = launchImageView.png; sourceTree = "<group>"; };
		85970CF22B03DDA900F35D3C /* .gitignore.xib */ = {isa = PBXFileReference; lastKnownFileType = file.xib; path = .gitignore.xib; sourceTree = "<group>"; };
		85A01B242B06001500459E0F /* correct.png */ = {isa = PBXFileReference; lastKnownFileType = image.png; path = correct.png; sourceTree = "<group>"; };
		85A01B252B06001500459E0F /* incorrect.png */ = {isa = PBXFileReference; lastKnownFileType = image.png; path = incorrect.png; sourceTree = "<group>"; };
		85BA12852AFCB7240016581E /* quiz1.csv */ = {isa = PBXFileReference; lastKnownFileType = text; path = quiz1.csv; sourceTree = "<group>"; };
		85CA1F5D2AFA3F270009CDF1 /* sampleQuiz.app */ = {isa = PBXFileReference; explicitFileType = wrapper.application; includeInIndex = 0; path = sampleQuiz.app; sourceTree = BUILT_PRODUCTS_DIR; };
		85CA1F602AFA3F270009CDF1 /* AppDelegate.swift */ = {isa = PBXFileReference; lastKnownFileType = sourcecode.swift; path = AppDelegate.swift; sourceTree = "<group>"; };
		85CA1F622AFA3F270009CDF1 /* SceneDelegate.swift */ = {isa = PBXFileReference; lastKnownFileType = sourcecode.swift; path = SceneDelegate.swift; sourceTree = "<group>"; };
		85CA1F642AFA3F270009CDF1 /* ViewController.swift */ = {isa = PBXFileReference; lastKnownFileType = sourcecode.swift; path = ViewController.swift; sourceTree = "<group>"; };
		85CA1F672AFA3F270009CDF1 /* Base */ = {isa = PBXFileReference; lastKnownFileType = file.storyboard; name = Base; path = Base.lproj/Main.storyboard; sourceTree = "<group>"; };
		85CA1F692AFA3F280009CDF1 /* Assets.xcassets */ = {isa = PBXFileReference; lastKnownFileType = folder.assetcatalog; path = Assets.xcassets; sourceTree = "<group>"; };
		85CA1F6C2AFA3F280009CDF1 /* Base */ = {isa = PBXFileReference; lastKnownFileType = file.storyboard; name = Base; path = Base.lproj/LaunchScreen.storyboard; sourceTree = "<group>"; };
		85CA1F6E2AFA3F280009CDF1 /* Info.plist */ = {isa = PBXFileReference; lastKnownFileType = text.plist.xml; path = Info.plist; sourceTree = "<group>"; };
		85CA1F742AFA46D60009CDF1 /* quizViewController.swift */ = {isa = PBXFileReference; lastKnownFileType = sourcecode.swift; path = quizViewController.swift; sourceTree = "<group>"; };
		85CA1F762AFA54840009CDF1 /* scoreViewController.swift */ = {isa = PBXFileReference; lastKnownFileType = sourcecode.swift; path = scoreViewController.swift; sourceTree = "<group>"; };
		85F873C32B0B9231000565CA /* selectLevelViewController.swift */ = {isa = PBXFileReference; lastKnownFileType = sourcecode.swift; path = selectLevelViewController.swift; sourceTree = "<group>"; };
		85F873C52B0B994B000565CA /* quiz2.csv */ = {isa = PBXFileReference; lastKnownFileType = text.xml; path = quiz2.csv; sourceTree = "<group>"; };
		85F873C72B0B9986000565CA /* quiz3.csv */ = {isa = PBXFileReference; lastKnownFileType = text.xml; path = quiz3.csv; sourceTree = "<group>"; };
		8A2401813848608A9B2A3E6E /* Pods_sampleQuiz.framework */ = {isa = PBXFileReference; explicitFileType = wrapper.framework; includeInIndex = 0; path = Pods_sampleQuiz.framework; sourceTree = BUILT_PRODUCTS_DIR; };
		94A4A88C60D0D222DD980ED2 /* Pods-sampleQuiz.release.xcconfig */ = {isa = PBXFileReference; includeInIndex = 1; lastKnownFileType = text.xcconfig; name = "Pods-sampleQuiz.release.xcconfig"; path = "Target Support Files/Pods-sampleQuiz/Pods-sampleQuiz.release.xcconfig"; sourceTree = "<group>"; };
		DB917E8CF94557C54C382AD8 /* Pods-sampleQuiz.debug.xcconfig */ = {isa = PBXFileReference; includeInIndex = 1; lastKnownFileType = text.xcconfig; name = "Pods-sampleQuiz.debug.xcconfig"; path = "Target Support Files/Pods-sampleQuiz/Pods-sampleQuiz.debug.xcconfig"; sourceTree = "<group>"; };
/* End PBXFileReference section */

/* Begin PBXFrameworksBuildPhase section */
		85CA1F5A2AFA3F270009CDF1 /* Frameworks */ = {
			isa = PBXFrameworksBuildPhase;
			buildActionMask = 2147483647;
			files = (
				9CB409121EFD6BA14493159D /* Pods_sampleQuiz.framework in Frameworks */,
			);
			runOnlyForDeploymentPostprocessing = 0;
		};
/* End PBXFrameworksBuildPhase section */

/* Begin PBXGroup section */
		2A300418283F192BAFD883B8 /* Pods */ = {
			isa = PBXGroup;
			children = (
				DB917E8CF94557C54C382AD8 /* Pods-sampleQuiz.debug.xcconfig */,
				94A4A88C60D0D222DD980ED2 /* Pods-sampleQuiz.release.xcconfig */,
			);
			path = Pods;
			sourceTree = "<group>";
		};
		7B5C542391AC70295CDC46F6 /* Frameworks */ = {
			isa = PBXGroup;
			children = (
				8A2401813848608A9B2A3E6E /* Pods_sampleQuiz.framework */,
			);
			name = Frameworks;
			sourceTree = "<group>";
		};
		85A01B232B06001500459E0F /* image */ = {
			isa = PBXGroup;
			children = (
				85A01B242B06001500459E0F /* correct.png */,
				85A01B252B06001500459E0F /* incorrect.png */,
			);
			path = image;
			sourceTree = "<group>";
		};
		85CA1F542AFA3F270009CDF1 = {
			isa = PBXGroup;
			children = (
				85970CF22B03DDA900F35D3C /* .gitignore.xib */,
				85CA1F5F2AFA3F270009CDF1 /* sampleQuiz */,
				85CA1F5E2AFA3F270009CDF1 /* Products */,
				2A300418283F192BAFD883B8 /* Pods */,
				7B5C542391AC70295CDC46F6 /* Frameworks */,
			);
			sourceTree = "<group>";
		};
		85CA1F5E2AFA3F270009CDF1 /* Products */ = {
			isa = PBXGroup;
			children = (
				85CA1F5D2AFA3F270009CDF1 /* sampleQuiz.app */,
			);
			name = Products;
			sourceTree = "<group>";
		};
		85CA1F5F2AFA3F270009CDF1 /* sampleQuiz */ = {
			isa = PBXGroup;
			children = (
				85CA1F662AFA3F270009CDF1 /* Main.storyboard */,
				85CA1F602AFA3F270009CDF1 /* AppDelegate.swift */,
				85CA1F622AFA3F270009CDF1 /* SceneDelegate.swift */,
				85CA1F642AFA3F270009CDF1 /* ViewController.swift */,
				85F873C32B0B9231000565CA /* selectLevelViewController.swift */,
				85CA1F762AFA54840009CDF1 /* scoreViewController.swift */,
				85CA1F742AFA46D60009CDF1 /* quizViewController.swift */,
				85BA12852AFCB7240016581E /* quiz1.csv */,
				85F873C52B0B994B000565CA /* quiz2.csv */,
				85F873C72B0B9986000565CA /* quiz3.csv */,
				85CA1F692AFA3F280009CDF1 /* Assets.xcassets */,
				85CA1F6B2AFA3F280009CDF1 /* LaunchScreen.storyboard */,
				85CA1F6E2AFA3F280009CDF1 /* Info.plist */,
				851932802B186C8E008B6886 /* launchImageView.png */,
				85A01B232B06001500459E0F /* image */,
			);
			path = sampleQuiz;
			sourceTree = "<group>";
		};
/* End PBXGroup section */

/* Begin PBXNativeTarget section */
		85CA1F5C2AFA3F270009CDF1 /* sampleQuiz */ = {
			isa = PBXNativeTarget;
			buildConfigurationList = 85CA1F712AFA3F280009CDF1 /* Build configuration list for PBXNativeTarget "sampleQuiz" */;
			buildPhases = (
				50173996A776586FB4E81609 /* [CP] Check Pods Manifest.lock */,
				85CA1F592AFA3F270009CDF1 /* Sources */,
				85CA1F5A2AFA3F270009CDF1 /* Frameworks */,
				85CA1F5B2AFA3F270009CDF1 /* Resources */,
				B093250E0CD251E5595D4F8C /* [CP] Embed Pods Frameworks */,
			);
			buildRules = (
			);
			dependencies = (
			);
			name = sampleQuiz;
			productName = sampleQuiz;
			productReference = 85CA1F5D2AFA3F270009CDF1 /* sampleQuiz.app */;
			productType = "com.apple.product-type.application";
		};
/* End PBXNativeTarget section */

/* Begin PBXProject section */
		85CA1F552AFA3F270009CDF1 /* Project object */ = {
			isa = PBXProject;
			attributes = {
				BuildIndependentTargetsInParallel = 1;
				LastSwiftUpdateCheck = 1500;
				LastUpgradeCheck = 1500;
				TargetAttributes = {
					85CA1F5C2AFA3F270009CDF1 = {
						CreatedOnToolsVersion = 15.0.1;
					};
				};
			};
			buildConfigurationList = 85CA1F582AFA3F270009CDF1 /* Build configuration list for PBXProject "sampleQuiz" */;
			compatibilityVersion = "Xcode 14.0";
			developmentRegion = en;
			hasScannedForEncodings = 0;
			knownRegions = (
				en,
				Base,
			);
			mainGroup = 85CA1F542AFA3F270009CDF1;
			productRefGroup = 85CA1F5E2AFA3F270009CDF1 /* Products */;
			projectDirPath = "";
			projectRoot = "";
			targets = (
				85CA1F5C2AFA3F270009CDF1 /* sampleQuiz */,
			);
		};
/* End PBXProject section */

/* Begin PBXResourcesBuildPhase section */
		85CA1F5B2AFA3F270009CDF1 /* Resources */ = {
			isa = PBXResourcesBuildPhase;
			buildActionMask = 2147483647;
			files = (
				85CA1F6D2AFA3F280009CDF1 /* LaunchScreen.storyboard in Resources */,
				851932812B186C8E008B6886 /* launchImageView.png in Resources */,
				85CA1F6A2AFA3F280009CDF1 /* Assets.xcassets in Resources */,
				85A01B262B06001500459E0F /* correct.png in Resources */,
				85CA1F682AFA3F270009CDF1 /* Main.storyboard in Resources */,
				85BA12862AFCB7240016581E /* quiz1.csv in Resources */,
				85F873C82B0B9986000565CA /* quiz3.csv in Resources */,
				85A01B272B06001500459E0F /* incorrect.png in Resources */,
				85F873C62B0B994B000565CA /* quiz2.csv in Resources */,
				85970CF32B03DDA900F35D3C /* .gitignore.xib in Resources */,
			);
			runOnlyForDeploymentPostprocessing = 0;
		};
/* End PBXResourcesBuildPhase section */

/* Begin PBXShellScriptBuildPhase section */
		50173996A776586FB4E81609 /* [CP] Check Pods Manifest.lock */ = {
			isa = PBXShellScriptBuildPhase;
			buildActionMask = 2147483647;
			files = (
			);
			inputFileListPaths = (
			);
			inputPaths = (
				"${PODS_PODFILE_DIR_PATH}/Podfile.lock",
				"${PODS_ROOT}/Manifest.lock",
			);
			name = "[CP] Check Pods Manifest.lock";
			outputFileListPaths = (
			);
			outputPaths = (
				"$(DERIVED_FILE_DIR)/Pods-sampleQuiz-checkManifestLockResult.txt",
			);
			runOnlyForDeploymentPostprocessing = 0;
			shellPath = /bin/sh;
			shellScript = "diff \"${PODS_PODFILE_DIR_PATH}/Podfile.lock\" \"${PODS_ROOT}/Manifest.lock\" > /dev/null\nif [ $? != 0 ] ; then\n    # print error to STDERR\n    echo \"error: The sandbox is not in sync with the Podfile.lock. Run 'pod install' or update your CocoaPods installation.\" >&2\n    exit 1\nfi\n# This output is used by Xcode 'outputs' to avoid re-running this script phase.\necho \"SUCCESS\" > \"${SCRIPT_OUTPUT_FILE_0}\"\n";
			showEnvVarsInLog = 0;
		};
		B093250E0CD251E5595D4F8C /* [CP] Embed Pods Frameworks */ = {
			isa = PBXShellScriptBuildPhase;
			buildActionMask = 2147483647;
			files = (
			);
			inputFileListPaths = (
				"${PODS_ROOT}/Target Support Files/Pods-sampleQuiz/Pods-sampleQuiz-frameworks-${CONFIGURATION}-input-files.xcfilelist",
			);
			name = "[CP] Embed Pods Frameworks";
			outputFileListPaths = (
				"${PODS_ROOT}/Target Support Files/Pods-sampleQuiz/Pods-sampleQuiz-frameworks-${CONFIGURATION}-output-files.xcfilelist",
			);
			runOnlyForDeploymentPostprocessing = 0;
			shellPath = /bin/sh;
			shellScript = "\"${PODS_ROOT}/Target Support Files/Pods-sampleQuiz/Pods-sampleQuiz-frameworks.sh\"\n";
			showEnvVarsInLog = 0;
		};
/* End PBXShellScriptBuildPhase section */

/* Begin PBXSourcesBuildPhase section */
		85CA1F592AFA3F270009CDF1 /* Sources */ = {
			isa = PBXSourcesBuildPhase;
			buildActionMask = 2147483647;
			files = (
				85CA1F652AFA3F270009CDF1 /* ViewController.swift in Sources */,
				85CA1F612AFA3F270009CDF1 /* AppDelegate.swift in Sources */,
				85CA1F632AFA3F270009CDF1 /* SceneDelegate.swift in Sources */,
				85CA1F772AFA54840009CDF1 /* scoreViewController.swift in Sources */,
				85CA1F752AFA46D60009CDF1 /* quizViewController.swift in Sources */,
				85F873C42B0B9231000565CA /* selectLevelViewController.swift in Sources */,
			);
			runOnlyForDeploymentPostprocessing = 0;
		};
/* End PBXSourcesBuildPhase section */

/* Begin PBXVariantGroup section */
		85CA1F662AFA3F270009CDF1 /* Main.storyboard */ = {
			isa = PBXVariantGroup;
			children = (
				85CA1F672AFA3F270009CDF1 /* Base */,
			);
			name = Main.storyboard;
			sourceTree = "<group>";
		};
		85CA1F6B2AFA3F280009CDF1 /* LaunchScreen.storyboard */ = {
			isa = PBXVariantGroup;
			children = (
				85CA1F6C2AFA3F280009CDF1 /* Base */,
			);
			name = LaunchScreen.storyboard;
			sourceTree = "<group>";
		};
/* End PBXVariantGroup section */

/* Begin XCBuildConfiguration section */
		85CA1F6F2AFA3F280009CDF1 /* Debug */ = {
			isa = XCBuildConfiguration;
			buildSettings = {
				ALWAYS_SEARCH_USER_PATHS = NO;
				ASSETCATALOG_COMPILER_GENERATE_SWIFT_ASSET_SYMBOL_EXTENSIONS = YES;
				CLANG_ANALYZER_NONNULL = YES;
				CLANG_ANALYZER_NUMBER_OBJECT_CONVERSION = YES_AGGRESSIVE;
				CLANG_CXX_LANGUAGE_STANDARD = "gnu++20";
				CLANG_ENABLE_MODULES = YES;
				CLANG_ENABLE_OBJC_ARC = YES;
				CLANG_ENABLE_OBJC_WEAK = YES;
				CLANG_WARN_BLOCK_CAPTURE_AUTORELEASING = YES;
				CLANG_WARN_BOOL_CONVERSION = YES;
				CLANG_WARN_COMMA = YES;
				CLANG_WARN_CONSTANT_CONVERSION = YES;
				CLANG_WARN_DEPRECATED_OBJC_IMPLEMENTATIONS = YES;
				CLANG_WARN_DIRECT_OBJC_ISA_USAGE = YES_ERROR;
				CLANG_WARN_DOCUMENTATION_COMMENTS = YES;
				CLANG_WARN_EMPTY_BODY = YES;
				CLANG_WARN_ENUM_CONVERSION = YES;
				CLANG_WARN_INFINITE_RECURSION = YES;
				CLANG_WARN_INT_CONVERSION = YES;
				CLANG_WARN_NON_LITERAL_NULL_CONVERSION = YES;
				CLANG_WARN_OBJC_IMPLICIT_RETAIN_SELF = YES;
				CLANG_WARN_OBJC_LITERAL_CONVERSION = YES;
				CLANG_WARN_OBJC_ROOT_CLASS = YES_ERROR;
				CLANG_WARN_QUOTED_INCLUDE_IN_FRAMEWORK_HEADER = YES;
				CLANG_WARN_RANGE_LOOP_ANALYSIS = YES;
				CLANG_WARN_STRICT_PROTOTYPES = YES;
				CLANG_WARN_SUSPICIOUS_MOVE = YES;
				CLANG_WARN_UNGUARDED_AVAILABILITY = YES_AGGRESSIVE;
				CLANG_WARN_UNREACHABLE_CODE = YES;
				CLANG_WARN__DUPLICATE_METHOD_MATCH = YES;
				COPY_PHASE_STRIP = NO;
				DEBUG_INFORMATION_FORMAT = dwarf;
				ENABLE_STRICT_OBJC_MSGSEND = YES;
				ENABLE_TESTABILITY = YES;
				ENABLE_USER_SCRIPT_SANDBOXING = NO;
				GCC_C_LANGUAGE_STANDARD = gnu17;
				GCC_DYNAMIC_NO_PIC = NO;
				GCC_NO_COMMON_BLOCKS = YES;
				GCC_OPTIMIZATION_LEVEL = 0;
				GCC_PREPROCESSOR_DEFINITIONS = (
					"DEBUG=1",
					"$(inherited)",
				);
				GCC_WARN_64_TO_32_BIT_CONVERSION = YES;
				GCC_WARN_ABOUT_RETURN_TYPE = YES_ERROR;
				GCC_WARN_UNDECLARED_SELECTOR = YES;
				GCC_WARN_UNINITIALIZED_AUTOS = YES_AGGRESSIVE;
				GCC_WARN_UNUSED_FUNCTION = YES;
				GCC_WARN_UNUSED_VARIABLE = YES;
				IPHONEOS_DEPLOYMENT_TARGET = 17.0;
				LOCALIZATION_PREFERS_STRING_CATALOGS = YES;
				MTL_ENABLE_DEBUG_INFO = INCLUDE_SOURCE;
				MTL_FAST_MATH = YES;
				ONLY_ACTIVE_ARCH = YES;
				SDKROOT = iphoneos;
				SWIFT_ACTIVE_COMPILATION_CONDITIONS = "DEBUG $(inherited)";
				SWIFT_OPTIMIZATION_LEVEL = "-Onone";
			};
			name = Debug;
		};
		85CA1F702AFA3F280009CDF1 /* Release */ = {
			isa = XCBuildConfiguration;
			buildSettings = {
				ALWAYS_SEARCH_USER_PATHS = NO;
				ASSETCATALOG_COMPILER_GENERATE_SWIFT_ASSET_SYMBOL_EXTENSIONS = YES;
				CLANG_ANALYZER_NONNULL = YES;
				CLANG_ANALYZER_NUMBER_OBJECT_CONVERSION = YES_AGGRESSIVE;
				CLANG_CXX_LANGUAGE_STANDARD = "gnu++20";
				CLANG_ENABLE_MODULES = YES;
				CLANG_ENABLE_OBJC_ARC = YES;
				CLANG_ENABLE_OBJC_WEAK = YES;
				CLANG_WARN_BLOCK_CAPTURE_AUTORELEASING = YES;
				CLANG_WARN_BOOL_CONVERSION = YES;
				CLANG_WARN_COMMA = YES;
				CLANG_WARN_CONSTANT_CONVERSION = YES;
				CLANG_WARN_DEPRECATED_OBJC_IMPLEMENTATIONS = YES;
				CLANG_WARN_DIRECT_OBJC_ISA_USAGE = YES_ERROR;
				CLANG_WARN_DOCUMENTATION_COMMENTS = YES;
				CLANG_WARN_EMPTY_BODY = YES;
				CLANG_WARN_ENUM_CONVERSION = YES;
				CLANG_WARN_INFINITE_RECURSION = YES;
				CLANG_WARN_INT_CONVERSION = YES;
				CLANG_WARN_NON_LITERAL_NULL_CONVERSION = YES;
				CLANG_WARN_OBJC_IMPLICIT_RETAIN_SELF = YES;
				CLANG_WARN_OBJC_LITERAL_CONVERSION = YES;
				CLANG_WARN_OBJC_ROOT_CLASS = YES_ERROR;
				CLANG_WARN_QUOTED_INCLUDE_IN_FRAMEWORK_HEADER = YES;
				CLANG_WARN_RANGE_LOOP_ANALYSIS = YES;
				CLANG_WARN_STRICT_PROTOTYPES = YES;
				CLANG_WARN_SUSPICIOUS_MOVE = YES;
				CLANG_WARN_UNGUARDED_AVAILABILITY = YES_AGGRESSIVE;
				CLANG_WARN_UNREACHABLE_CODE = YES;
				CLANG_WARN__DUPLICATE_METHOD_MATCH = YES;
				COPY_PHASE_STRIP = NO;
				DEBUG_INFORMATION_FORMAT = "dwarf-with-dsym";
				ENABLE_NS_ASSERTIONS = NO;
				ENABLE_STRICT_OBJC_MSGSEND = YES;
				ENABLE_USER_SCRIPT_SANDBOXING = NO;
				GCC_C_LANGUAGE_STANDARD = gnu17;
				GCC_NO_COMMON_BLOCKS = YES;
				GCC_WARN_64_TO_32_BIT_CONVERSION = YES;
				GCC_WARN_ABOUT_RETURN_TYPE = YES_ERROR;
				GCC_WARN_UNDECLARED_SELECTOR = YES;
				GCC_WARN_UNINITIALIZED_AUTOS = YES_AGGRESSIVE;
				GCC_WARN_UNUSED_FUNCTION = YES;
				GCC_WARN_UNUSED_VARIABLE = YES;
				IPHONEOS_DEPLOYMENT_TARGET = 17.0;
				LOCALIZATION_PREFERS_STRING_CATALOGS = YES;
				MTL_ENABLE_DEBUG_INFO = NO;
				MTL_FAST_MATH = YES;
				SDKROOT = iphoneos;
				SWIFT_COMPILATION_MODE = wholemodule;
				VALIDATE_PRODUCT = YES;
			};
			name = Release;
		};
		85CA1F722AFA3F280009CDF1 /* Debug */ = {
			isa = XCBuildConfiguration;
			baseConfigurationReference = DB917E8CF94557C54C382AD8 /* Pods-sampleQuiz.debug.xcconfig */;
			buildSettings = {
				ASSETCATALOG_COMPILER_APPICON_NAME = AppIcon;
				ASSETCATALOG_COMPILER_GLOBAL_ACCENT_COLOR_NAME = AccentColor;
				CODE_SIGN_STYLE = Automatic;
				CURRENT_PROJECT_VERSION = 1;
				DEVELOPMENT_TEAM = Z8QC62V2F3;
				GENERATE_INFOPLIST_FILE = YES;
				INFOPLIST_FILE = sampleQuiz/Info.plist;
				INFOPLIST_KEY_UIApplicationSupportsIndirectInputEvents = YES;
				INFOPLIST_KEY_UILaunchStoryboardName = LaunchScreen;
				INFOPLIST_KEY_UIMainStoryboardFile = Main;
				INFOPLIST_KEY_UISupportedInterfaceOrientations = "UIInterfaceOrientationPortrait UIInterfaceOrientationPortraitUpsideDown";
				LD_RUNPATH_SEARCH_PATHS = (
					"$(inherited)",
					"@executable_path/Frameworks",
				);
				MARKETING_VERSION = 1.0;
				PRODUCT_BUNDLE_IDENTIFIER = com.emioiso.sampleQuiz;
				PRODUCT_NAME = "$(TARGET_NAME)";
				SUPPORTED_PLATFORMS = "iphoneos iphonesimulator";
				SUPPORTS_MACCATALYST = NO;
				SWIFT_EMIT_LOC_STRINGS = YES;
				SWIFT_VERSION = 5.0;
				TARGETED_DEVICE_FAMILY = 1;
			};
			name = Debug;
		};
		85CA1F732AFA3F280009CDF1 /* Release */ = {
			isa = XCBuildConfiguration;
			baseConfigurationReference = 94A4A88C60D0D222DD980ED2 /* Pods-sampleQuiz.release.xcconfig */;
			buildSettings = {
				ASSETCATALOG_COMPILER_APPICON_NAME = AppIcon;
				ASSETCATALOG_COMPILER_GLOBAL_ACCENT_COLOR_NAME = AccentColor;
				CODE_SIGN_STYLE = Automatic;
				CURRENT_PROJECT_VERSION = 1;
				DEVELOPMENT_TEAM = Z8QC62V2F3;
				GENERATE_INFOPLIST_FILE = YES;
				INFOPLIST_FILE = sampleQuiz/Info.plist;
				INFOPLIST_KEY_UIApplicationSupportsIndirectInputEvents = YES;
				INFOPLIST_KEY_UILaunchStoryboardName = LaunchScreen;
				INFOPLIST_KEY_UIMainStoryboardFile = Main;
				INFOPLIST_KEY_UISupportedInterfaceOrientations = "UIInterfaceOrientationPortrait UIInterfaceOrientationPortraitUpsideDown";
				LD_RUNPATH_SEARCH_PATHS = (
					"$(inherited)",
					"@executable_path/Frameworks",
				);
				MARKETING_VERSION = 1.0;
				PRODUCT_BUNDLE_IDENTIFIER = com.emioiso.sampleQuiz;
				PRODUCT_NAME = "$(TARGET_NAME)";
				SUPPORTED_PLATFORMS = "iphoneos iphonesimulator";
				SUPPORTS_MACCATALYST = NO;
				SWIFT_EMIT_LOC_STRINGS = YES;
				SWIFT_VERSION = 5.0;
				TARGETED_DEVICE_FAMILY = 1;
			};
			name = Release;
		};
/* End XCBuildConfiguration section */

/* Begin XCConfigurationList section */
		85CA1F582AFA3F270009CDF1 /* Build configuration list for PBXProject "sampleQuiz" */ = {
			isa = XCConfigurationList;
			buildConfigurations = (
				85CA1F6F2AFA3F280009CDF1 /* Debug */,
				85CA1F702AFA3F280009CDF1 /* Release */,
			);
			defaultConfigurationIsVisible = 0;
			defaultConfigurationName = Release;
		};
		85CA1F712AFA3F280009CDF1 /* Build configuration list for PBXNativeTarget "sampleQuiz" */ = {
			isa = XCConfigurationList;
			buildConfigurations = (
				85CA1F722AFA3F280009CDF1 /* Debug */,
				85CA1F732AFA3F280009CDF1 /* Release */,
			);
			defaultConfigurationIsVisible = 0;
			defaultConfigurationName = Release;
		};
/* End XCConfigurationList section */
	};
	rootObject = 85CA1F552AFA3F270009CDF1 /* Project object */;
}
